
Microsoft Visual Studio Solution File, Format Version 12.00
# Visual Studio Version 17
VisualStudioVersion = 17.10.35122.118
MinimumVisualStudioVersion = 10.0.40219.1
Project("{2150E333-8FDC-42A3-9474-1A3956D46DE8}") = "Src", "Src", "{A7B9A308-EE94-428A-BEDB-A0B8670016B6}"
EndProject
Project("{2150E333-8FDC-42A3-9474-1A3956D46DE8}") = "Domain", "Domain", "{72422384-C564-4E3E-9E36-08BD560A59E0}"
EndProject
Project("{9A19103F-16F7-4668-BE54-9A1E7A4F7556}") = "SolarLabDR.Domain", "Src\Domain\SolarLabDR.Domain\SolarLabDR.Domain.csproj", "{4AF25BCF-3BF5-48DD-B3BD-1B12B3F71005}"
EndProject
Project("{2150E333-8FDC-42A3-9474-1A3956D46DE8}") = "Infrastructure", "Infrastructure", "{27FBE5B5-25E2-4B28-A235-25F5D09AD618}"
EndProject
Project("{2150E333-8FDC-42A3-9474-1A3956D46DE8}") = "Application", "Application", "{4772E7B0-E733-486D-B894-22DDB1D68B91}"
EndProject
Project("{2150E333-8FDC-42A3-9474-1A3956D46DE8}") = "Hosts", "Hosts", "{EC582CCD-0F63-4CE7-A5C5-EF5BA236E795}"
EndProject
Project("{2150E333-8FDC-42A3-9474-1A3956D46DE8}") = "Contracts", "Contracts", "{D4FBA593-610C-4ACC-B22B-DFD5B50F6C44}"
EndProject
Project("{9A19103F-16F7-4668-BE54-9A1E7A4F7556}") = "SolarLabDR.Api", "Src\Hosts\SolarLabDR.Api\SolarLabDR.Api.csproj", "{6FBD8281-6C46-40D1-A7EE-96F2017FA313}"
	ProjectSection(ProjectDependencies) = postProject
		{27D1120F-B2A0-4FD6-90D3-CA5F3D413ACD} = {27D1120F-B2A0-4FD6-90D3-CA5F3D413ACD}
	EndProjectSection
EndProject
Project("{9A19103F-16F7-4668-BE54-9A1E7A4F7556}") = "SolarLabDR.Infrastructure", "Src\Infrastructure\SolarLabDR.Infrastructure\SolarLabDR.Infrastructure.csproj", "{E9BBDEB9-0E71-47A9-8CBF-592BDA61F39B}"
EndProject
Project("{9A19103F-16F7-4668-BE54-9A1E7A4F7556}") = "SolarLabDR.AppServices", "Src\Application\SolarLabDR.AppServices\SolarLabDR.AppServices.csproj", "{867C0C1F-1AA9-44D6-8C4A-BEC2C98B4053}"
	ProjectSection(ProjectDependencies) = postProject
		{030C985E-8A52-4001-93B3-407A1E93A36E} = {030C985E-8A52-4001-93B3-407A1E93A36E}
	EndProjectSection
EndProject
Project("{9A19103F-16F7-4668-BE54-9A1E7A4F7556}") = "SolarLabDR.DataAccess", "Src\Infrastructure\SolarLabDR.DataAccess\SolarLabDR.DataAccess.csproj", "{2783B77C-0677-4E34-B298-E9C04CA83690}"
	ProjectSection(ProjectDependencies) = postProject
		{4AF25BCF-3BF5-48DD-B3BD-1B12B3F71005} = {4AF25BCF-3BF5-48DD-B3BD-1B12B3F71005}
		{867C0C1F-1AA9-44D6-8C4A-BEC2C98B4053} = {867C0C1F-1AA9-44D6-8C4A-BEC2C98B4053}
		{E9BBDEB9-0E71-47A9-8CBF-592BDA61F39B} = {E9BBDEB9-0E71-47A9-8CBF-592BDA61F39B}
	EndProjectSection
EndProject
Project("{9A19103F-16F7-4668-BE54-9A1E7A4F7556}") = "SolarLabDR.Contracts", "Src\Contracts\SolarLabDR.Contracts\SolarLabDR.Contracts.csproj", "{030C985E-8A52-4001-93B3-407A1E93A36E}"
EndProject
Project("{9A19103F-16F7-4668-BE54-9A1E7A4F7556}") = "SolarLabDR.MapProfile", "Src\Infrastructure\SolarLabDR.MapProfile\SolarLabDR.MapProfile.csproj", "{F3960C79-1A4F-4D6C-ADB7-CAC72610D03F}"
	ProjectSection(ProjectDependencies) = postProject
		{030C985E-8A52-4001-93B3-407A1E93A36E} = {030C985E-8A52-4001-93B3-407A1E93A36E}
		{4AF25BCF-3BF5-48DD-B3BD-1B12B3F71005} = {4AF25BCF-3BF5-48DD-B3BD-1B12B3F71005}
	EndProjectSection
EndProject
Project("{9A19103F-16F7-4668-BE54-9A1E7A4F7556}") = "SolarLabDR.ComponentRegistrator", "Src\Infrastructure\SolarLabDR.ComponentRegistrator\SolarLabDR.ComponentRegistrator.csproj", "{27D1120F-B2A0-4FD6-90D3-CA5F3D413ACD}"
	ProjectSection(ProjectDependencies) = postProject
		{2783B77C-0677-4E34-B298-E9C04CA83690} = {2783B77C-0677-4E34-B298-E9C04CA83690}
		{867C0C1F-1AA9-44D6-8C4A-BEC2C98B4053} = {867C0C1F-1AA9-44D6-8C4A-BEC2C98B4053}
		{E9BBDEB9-0E71-47A9-8CBF-592BDA61F39B} = {E9BBDEB9-0E71-47A9-8CBF-592BDA61F39B}
		{F3960C79-1A4F-4D6C-ADB7-CAC72610D03F} = {F3960C79-1A4F-4D6C-ADB7-CAC72610D03F}
	EndProjectSection
EndProject
Project("{9A19103F-16F7-4668-BE54-9A1E7A4F7556}") = "SolarLabDR.Migrator", "Src\Hosts\SolarLabDR.Migrator\SolarLabDR.Migrator.csproj", "{9CD10BF1-FD7B-4A32-AFEC-EE855602BA63}"
EndProject
Project("{2150E333-8FDC-42A3-9474-1A3956D46DE8}") = "Clients", "Clients", "{ADA8BE08-A7A5-4B2A-B6D2-84D73E7CDC55}"
EndProject
Project("{FAE04EC0-301F-11D3-BF4B-00C04F79EFBC}") = "SolarLabDR.MailSender", "Src\Client\SolarLabDR.MailSender\SolarLabDR.MailSender.csproj", "{CC8A5A98-2B28-419B-A8C2-6A35DB0AD676}"
EndProject
Global
	GlobalSection(SolutionConfigurationPlatforms) = preSolution
		Debug|Any CPU = Debug|Any CPU
		Release|Any CPU = Release|Any CPU
	EndGlobalSection
	GlobalSection(ProjectConfigurationPlatforms) = postSolution
		{4AF25BCF-3BF5-48DD-B3BD-1B12B3F71005}.Debug|Any CPU.ActiveCfg = Debug|Any CPU
		{4AF25BCF-3BF5-48DD-B3BD-1B12B3F71005}.Debug|Any CPU.Build.0 = Debug|Any CPU
		{4AF25BCF-3BF5-48DD-B3BD-1B12B3F71005}.Release|Any CPU.ActiveCfg = Release|Any CPU
		{4AF25BCF-3BF5-48DD-B3BD-1B12B3F71005}.Release|Any CPU.Build.0 = Release|Any CPU
		{6FBD8281-6C46-40D1-A7EE-96F2017FA313}.Debug|Any CPU.ActiveCfg = Debug|Any CPU
		{6FBD8281-6C46-40D1-A7EE-96F2017FA313}.Debug|Any CPU.Build.0 = Debug|Any CPU
		{6FBD8281-6C46-40D1-A7EE-96F2017FA313}.Release|Any CPU.ActiveCfg = Release|Any CPU
		{6FBD8281-6C46-40D1-A7EE-96F2017FA313}.Release|Any CPU.Build.0 = Release|Any CPU
		{E9BBDEB9-0E71-47A9-8CBF-592BDA61F39B}.Debug|Any CPU.ActiveCfg = Debug|Any CPU
		{E9BBDEB9-0E71-47A9-8CBF-592BDA61F39B}.Debug|Any CPU.Build.0 = Debug|Any CPU
		{E9BBDEB9-0E71-47A9-8CBF-592BDA61F39B}.Release|Any CPU.ActiveCfg = Release|Any CPU
		{E9BBDEB9-0E71-47A9-8CBF-592BDA61F39B}.Release|Any CPU.Build.0 = Release|Any CPU
		{867C0C1F-1AA9-44D6-8C4A-BEC2C98B4053}.Debug|Any CPU.ActiveCfg = Debug|Any CPU
		{867C0C1F-1AA9-44D6-8C4A-BEC2C98B4053}.Debug|Any CPU.Build.0 = Debug|Any CPU
		{867C0C1F-1AA9-44D6-8C4A-BEC2C98B4053}.Release|Any CPU.ActiveCfg = Release|Any CPU
		{867C0C1F-1AA9-44D6-8C4A-BEC2C98B4053}.Release|Any CPU.Build.0 = Release|Any CPU
		{2783B77C-0677-4E34-B298-E9C04CA83690}.Debug|Any CPU.ActiveCfg = Debug|Any CPU
		{2783B77C-0677-4E34-B298-E9C04CA83690}.Debug|Any CPU.Build.0 = Debug|Any CPU
		{2783B77C-0677-4E34-B298-E9C04CA83690}.Release|Any CPU.ActiveCfg = Release|Any CPU
		{2783B77C-0677-4E34-B298-E9C04CA83690}.Release|Any CPU.Build.0 = Release|Any CPU
		{030C985E-8A52-4001-93B3-407A1E93A36E}.Debug|Any CPU.ActiveCfg = Debug|Any CPU
		{030C985E-8A52-4001-93B3-407A1E93A36E}.Debug|Any CPU.Build.0 = Debug|Any CPU
		{030C985E-8A52-4001-93B3-407A1E93A36E}.Release|Any CPU.ActiveCfg = Release|Any CPU
		{030C985E-8A52-4001-93B3-407A1E93A36E}.Release|Any CPU.Build.0 = Release|Any CPU
		{F3960C79-1A4F-4D6C-ADB7-CAC72610D03F}.Debug|Any CPU.ActiveCfg = Debug|Any CPU
		{F3960C79-1A4F-4D6C-ADB7-CAC72610D03F}.Debug|Any CPU.Build.0 = Debug|Any CPU
		{F3960C79-1A4F-4D6C-ADB7-CAC72610D03F}.Release|Any CPU.ActiveCfg = Release|Any CPU
		{F3960C79-1A4F-4D6C-ADB7-CAC72610D03F}.Release|Any CPU.Build.0 = Release|Any CPU
		{27D1120F-B2A0-4FD6-90D3-CA5F3D413ACD}.Debug|Any CPU.ActiveCfg = Debug|Any CPU
		{27D1120F-B2A0-4FD6-90D3-CA5F3D413ACD}.Debug|Any CPU.Build.0 = Debug|Any CPU
		{27D1120F-B2A0-4FD6-90D3-CA5F3D413ACD}.Release|Any CPU.ActiveCfg = Release|Any CPU
		{27D1120F-B2A0-4FD6-90D3-CA5F3D413ACD}.Release|Any CPU.Build.0 = Release|Any CPU
		{9CD10BF1-FD7B-4A32-AFEC-EE855602BA63}.Debug|Any CPU.ActiveCfg = Debug|Any CPU
		{9CD10BF1-FD7B-4A32-AFEC-EE855602BA63}.Debug|Any CPU.Build.0 = Debug|Any CPU
		{9CD10BF1-FD7B-4A32-AFEC-EE855602BA63}.Release|Any CPU.ActiveCfg = Release|Any CPU
		{9CD10BF1-FD7B-4A32-AFEC-EE855602BA63}.Release|Any CPU.Build.0 = Release|Any CPU
		{CC8A5A98-2B28-419B-A8C2-6A35DB0AD676}.Debug|Any CPU.ActiveCfg = Debug|Any CPU
		{CC8A5A98-2B28-419B-A8C2-6A35DB0AD676}.Debug|Any CPU.Build.0 = Debug|Any CPU
		{CC8A5A98-2B28-419B-A8C2-6A35DB0AD676}.Release|Any CPU.ActiveCfg = Release|Any CPU
		{CC8A5A98-2B28-419B-A8C2-6A35DB0AD676}.Release|Any CPU.Build.0 = Release|Any CPU
	EndGlobalSection
	GlobalSection(SolutionProperties) = preSolution
		HideSolutionNode = FALSE
	EndGlobalSection
	GlobalSection(NestedProjects) = preSolution
		{72422384-C564-4E3E-9E36-08BD560A59E0} = {A7B9A308-EE94-428A-BEDB-A0B8670016B6}
		{4AF25BCF-3BF5-48DD-B3BD-1B12B3F71005} = {72422384-C564-4E3E-9E36-08BD560A59E0}
		{27FBE5B5-25E2-4B28-A235-25F5D09AD618} = {A7B9A308-EE94-428A-BEDB-A0B8670016B6}
		{4772E7B0-E733-486D-B894-22DDB1D68B91} = {A7B9A308-EE94-428A-BEDB-A0B8670016B6}
		{EC582CCD-0F63-4CE7-A5C5-EF5BA236E795} = {A7B9A308-EE94-428A-BEDB-A0B8670016B6}
		{D4FBA593-610C-4ACC-B22B-DFD5B50F6C44} = {A7B9A308-EE94-428A-BEDB-A0B8670016B6}
		{6FBD8281-6C46-40D1-A7EE-96F2017FA313} = {EC582CCD-0F63-4CE7-A5C5-EF5BA236E795}
		{E9BBDEB9-0E71-47A9-8CBF-592BDA61F39B} = {27FBE5B5-25E2-4B28-A235-25F5D09AD618}
		{867C0C1F-1AA9-44D6-8C4A-BEC2C98B4053} = {4772E7B0-E733-486D-B894-22DDB1D68B91}
		{2783B77C-0677-4E34-B298-E9C04CA83690} = {27FBE5B5-25E2-4B28-A235-25F5D09AD618}
		{030C985E-8A52-4001-93B3-407A1E93A36E} = {D4FBA593-610C-4ACC-B22B-DFD5B50F6C44}
		{F3960C79-1A4F-4D6C-ADB7-CAC72610D03F} = {27FBE5B5-25E2-4B28-A235-25F5D09AD618}
		{27D1120F-B2A0-4FD6-90D3-CA5F3D413ACD} = {27FBE5B5-25E2-4B28-A235-25F5D09AD618}
		{9CD10BF1-FD7B-4A32-AFEC-EE855602BA63} = {EC582CCD-0F63-4CE7-A5C5-EF5BA236E795}
		{ADA8BE08-A7A5-4B2A-B6D2-84D73E7CDC55} = {A7B9A308-EE94-428A-BEDB-A0B8670016B6}
		{CC8A5A98-2B28-419B-A8C2-6A35DB0AD676} = {ADA8BE08-A7A5-4B2A-B6D2-84D73E7CDC55}
	EndGlobalSection
	GlobalSection(ExtensibilityGlobals) = postSolution
		SolutionGuid = {FADDA805-4E54-4A3E-B708-A44934EF6C87}
	EndGlobalSection
EndGlobal
